# @generated by Move, please check-in and do not edit manually.

[move]
version = 3
manifest_digest = "4E219538E560B52E657002599823A7F5794C484FDEB0EA7DE93DD860C8821C44"
deps_digest = "F9B494B64F0615AED0E98FC12A85B85ECD2BC5185C22D30E7F67786BB52E507C"
dependencies = [
  { id = "Iota", name = "Iota" },
  { id = "IotaSystem", name = "IotaSystem" },
  { id = "MoveStdlib", name = "MoveStdlib" },
  { id = "Stardust", name = "Stardust" },
]

[[move.package]]
id = "Iota"
source = { git = "https://github.com/iotaledger/iota.git", rev = "4698c6723208e052a00c74602d2c8dc0efffe5de", subdir = "crates/iota-framework/packages/iota-framework" }

dependencies = [
  { id = "MoveStdlib", name = "MoveStdlib" },
]

[[move.package]]
id = "IotaSystem"
source = { git = "https://github.com/iotaledger/iota.git", rev = "4698c6723208e052a00c74602d2c8dc0efffe5de", subdir = "crates/iota-framework/packages/iota-system" }

dependencies = [
  { id = "Iota", name = "Iota" },
  { id = "MoveStdlib", name = "MoveStdlib" },
]

[[move.package]]
id = "MoveStdlib"
source = { git = "https://github.com/iotaledger/iota.git", rev = "4698c6723208e052a00c74602d2c8dc0efffe5de", subdir = "crates/iota-framework/packages/move-stdlib" }

[[move.package]]
id = "Stardust"
source = { git = "https://github.com/iotaledger/iota.git", rev = "4698c6723208e052a00c74602d2c8dc0efffe5de", subdir = "crates/iota-framework/packages/stardust" }

dependencies = [
  { id = "Iota", name = "Iota" },
  { id = "MoveStdlib", name = "MoveStdlib" },
]

[move.toolchain-version]
compiler-version = "1.14.1"
edition = "2024.beta"
flavor = "iota"

[env]

[env.localnet]
chain-id = "e4e01ad5"
original-published-id = "0x2acbe845269d520a5a4ea272041d19be5e561fd21df2f256c807c7bac769e987"
latest-published-id = "0x2acbe845269d520a5a4ea272041d19be5e561fd21df2f256c807c7bac769e987"
published-version = "1"
